{
  "name": "fake-ts-service-client",
  "version": "1.0.0",
  "lockfileVersion": 2,
  "requires": true,
  "packages": {
    "": {
      "name": "fake-ts-service-client",
      "version": "1.0.0",
      "license": "ISC",
      "dependencies": {
        "fake-ts-service": "^1.0.1"
      }
    },
    "node_modules/fake-ts-service": {
      "version": "1.0.1",
      "resolved": "https://registry.npmjs.org/fake-ts-service/-/fake-ts-service-1.0.1.tgz",
      "integrity": "sha512-iIv9uRUxqGi+Szp5Np8gh0MyYNsWhwwUULOlrvfGWnmVR8gcfrGWY17Jn5ZIfRnSD81uFav71Ki2fSp4LTCIJw=="
    }
  },
  "dependencies": {
    "fake-ts-service": {
      "version": "1.0.1",
      "resolved": "https://registry.npmjs.org/fake-ts-service/-/fake-ts-service-1.0.1.tgz",
      "integrity": "sha512-iIv9uRUxqGi+Szp5Np8gh0MyYNsWhwwUULOlrvfGWnmVR8gcfrGWY17Jn5ZIfRnSD81uFav71Ki2fSp4LTCIJw=="
    }
  }
}
